
Microsoft Visual Studio Solution File, Format Version 12.00
# Visual Studio Version 17
VisualStudioVersion = 17.4.33122.133
MinimumVisualStudioVersion = 10.0.40219.1
Project("{FAE04EC0-301F-11D3-BF4B-00C04F79EFBC}") = "YoutubeVideoPlayer", "YoutubeVideoPlayer\YoutubeVideoPlayer.csproj", "{0D8B8AD9-127F-40A4-BF67-A8FEBC3D1522}"
EndProject
Global
	GlobalSection(SolutionConfigurationPlatforms) = preSolution
		Debug|Any CPU = Debug|Any CPU
		Release|Any CPU = Release|Any CPU
	EndGlobalSection
	GlobalSection(ProjectConfigurationPlatforms) = postSolution
		{0D8B8AD9-127F-40A4-BF67-A8FEBC3D1522}.Debug|Any CPU.ActiveCfg = Debug|Any CPU
		{0D8B8AD9-127F-40A4-BF67-A8FEBC3D1522}.Debug|Any CPU.Build.0 = Debug|Any CPU
		{0D8B8AD9-127F-40A4-BF67-A8FEBC3D1522}.Release|Any CPU.ActiveCfg = Release|Any CPU
		{0D8B8AD9-127F-40A4-BF67-A8FEBC3D1522}.Release|Any CPU.Build.0 = Release|Any CPU
	EndGlobalSection
	GlobalSection(SolutionProperties) = preSolution
		HideSolutionNode = FALSE
	EndGlobalSection
	GlobalSection(ExtensibilityGlobals) = postSolution
		SolutionGuid = {998C270C-897D-4724-A239-4EE99E93323E}
	EndGlobalSection
EndGlobal
